
Microsoft Visual Studio Solution File, Format Version 12.00
# Visual Studio Version 16
VisualStudioVersion = 16.0.32106.194
MinimumVisualStudioVersion = 10.0.40219.1
Project("{FAE04EC0-301F-11D3-BF4B-00C04F79EFBC}") = "Synergy-Transport-System", "Synergy-Transport-System\Synergy-Transport-System.csproj", "{FC56C005-71DD-4178-A7F1-2EF85C69E161}"
EndProject
Global
	GlobalSection(SolutionConfigurationPlatforms) = preSolution
		Debug|Any CPU = Debug|Any CPU
		Release|Any CPU = Release|Any CPU
	EndGlobalSection
	GlobalSection(ProjectConfigurationPlatforms) = postSolution
		{FC56C005-71DD-4178-A7F1-2EF85C69E161}.Debug|Any CPU.ActiveCfg = Debug|Any CPU
		{FC56C005-71DD-4178-A7F1-2EF85C69E161}.Debug|Any CPU.Build.0 = Debug|Any CPU
		{FC56C005-71DD-4178-A7F1-2EF85C69E161}.Release|Any CPU.ActiveCfg = Release|Any CPU
		{FC56C005-71DD-4178-A7F1-2EF85C69E161}.Release|Any CPU.Build.0 = Release|Any CPU
	EndGlobalSection
	GlobalSection(SolutionProperties) = preSolution
		HideSolutionNode = FALSE
	EndGlobalSection
	GlobalSection(ExtensibilityGlobals) = postSolution
		SolutionGuid = {233EA80D-6610-47B2-BAE1-72F92831DBD3}
	EndGlobalSection
EndGlobal
